Microsoft Visual Studio Solution File, Format Version 12.00
# Visual Studio Version 17
VisualStudioVersion = 17.11.35222.181
MinimumVisualStudioVersion = 10.0.40219.1
Project("{FAE04EC0-301F-11D3-BF4B-00C04F79EFBC}") = "MSECS.Asset.Api", "Services\Asset\MSECS.Asset.Api\MSECS.Asset.Api.csproj", "{5F29824F-07AC-4311-9007-DE53838A4D44}"
EndProject
Project("{FAE04EC0-301F-11D3-BF4B-00C04F79EFBC}") = "MSECS.Asset.Application", "Services\Asset\MSECS.Asset.Application\MSECS.Asset.Application.csproj", "{12E05DFD-6CA1-4461-8AD5-CC005022DC7B}"
EndProject
Project("{FAE04EC0-301F-11D3-BF4B-00C04F79EFBC}") = "MSECS.Asset.Domain", "Services\Asset\MSECS.Asset.Domain\MSECS.Asset.Domain.csproj", "{AE597A31-99DA-4DCA-ABC0-A44559778F47}"
EndProject
Project("{FAE04EC0-301F-11D3-BF4B-00C04F79EFBC}") = "MSECS.Asset.Infrastructure", "Services\Asset\MSECS.Asset.Infrastructure\MSECS.Asset.Infrastructure.csproj", "{A92934FC-096D-4406-8F2E-781609621F99}"
EndProject
Project("{FAE04EC0-301F-11D3-BF4B-00C04F79EFBC}") = "MSECS.DeviceRegistry.Api", "Services\DeviceRegistry\MSECS.DeviceRegistry.Api\MSECS.DeviceRegistry.Api.csproj", "{B1F472F9-C7A9-4A3B-BE24-33139674F665}"
EndProject
Project("{FAE04EC0-301F-11D3-BF4B-00C04F79EFBC}") = "MSECS.DeviceRegistry.Application", "Services\DeviceRegistry\MSECS.DeviceRegistry.Application\MSECS.DeviceRegistry.Application.csproj", "{C1748B96-6128-4C23-BD2E-F921FFCB143D}"
EndProject
Project("{FAE04EC0-301F-11D3-BF4B-00C04F79EFBC}") = "MSECS.DeviceRegistry.Domain", "Services\DeviceRegistry\MSECS.DeviceRegistry.Domain\MSECS.DeviceRegistry.Domain.csproj", "{F23ADC90-BFA8-46AF-87D9-AE2DBE135122}"
EndProject
Project("{FAE04EC0-301F-11D3-BF4B-00C04F79EFBC}") = "MSECS.DeviceRegistry.Infrastructure", "Services\DeviceRegistry\MSECS.DeviceRegistry.Infrastructure\MSECS.DeviceRegistry.Infrastructure.csproj", "{9A225A26-81BA-4C4D-A128-C665CD4CC7C5}"
EndProject
Project("{FAE04EC0-301F-11D3-BF4B-00C04F79EFBC}") = "MSECS.Identity.Api", "Services\Identity\MSECS.Identity.Api\MSECS.Identity.Api.csproj", "{48A7A56F-077E-4F58-86EF-6E55269DC630}"
EndProject
Project("{FAE04EC0-301F-11D3-BF4B-00C04F79EFBC}") = "MSECS.Identity.Application", "Services\Identity\MSECS.Identity.Application\MSECS.Identity.Application.csproj", "{AACDDCBC-7AF2-40BB-BDB4-A41CE056D6AB}"
EndProject
Project("{FAE04EC0-301F-11D3-BF4B-00C04F79EFBC}") = "MSECS.Identity.Domain", "Services\Identity\MSECS.Identity.Domain\MSECS.Identity.Domain.csproj", "{8B64E96D-6969-4C26-8CA4-B7AD77ED8116}"
EndProject
Project("{FAE04EC0-301F-11D3-BF4B-00C04F79EFBC}") = "MSECS.Identity.Infrastructure", "Services\Identity\MSECS.Identity.Infrastructure\MSECS.Identity.Infrastructure.csproj", "{B6EDC724-7540-42A1-838C-2495B5AF0964}"
EndProject
Project("{FAE04EC0-301F-11D3-BF4B-00C04F79EFBC}") = "MSECS.Site.Api", "Services\Site\MSECS.Site.Api\MSECS.Site.Api.csproj", "{B5CE31DA-09D0-4936-B98C-5AC6C7E809A0}"
EndProject
Project("{FAE04EC0-301F-11D3-BF4B-00C04F79EFBC}") = "MSECS.Site.Application", "Services\Site\MSECS.Site.Application\MSECS.Site.Application.csproj", "{326C45AC-90E1-4878-BB40-46641D0FE5D4}"
EndProject
Project("{FAE04EC0-301F-11D3-BF4B-00C04F79EFBC}") = "MSECS.Site.Domain", "Services\Site\MSECS.Site.Domain\MSECS.Site.Domain.csproj", "{3820CBBE-C5AE-4D1F-BE27-0B5A2098E42D}"
EndProject
Project("{FAE04EC0-301F-11D3-BF4B-00C04F79EFBC}") = "MSECS.Site.Infrastructure", "Services\Site\MSECS.Site.Infrastructure\MSECS.Site.Infrastructure.csproj", "{EA813428-B55A-491E-8137-061E49538202}"
EndProject
Project("{FAE04EC0-301F-11D3-BF4B-00C04F79EFBC}") = "MSECS.Telemetry.Api", "Services\Telemetry\MSECS.Telemetry.Api\MSECS.Telemetry.Api.csproj", "{28BC3B62-E0F5-4F82-9EA8-CC9AF624CC14}"
EndProject
Project("{FAE04EC0-301F-11D3-BF4B-00C04F79EFBC}") = "MSECS.Telemetry.Application", "Services\Telemetry\MSECS.Telemetry.Application\MSECS.Telemetry.Application.csproj", "{03D6929C-47AB-478C-80D6-F0B513D893B9}"
EndProject
Project("{FAE04EC0-301F-11D3-BF4B-00C04F79EFBC}") = "MSECS.Telemetry.Domain", "Services\Telemetry\MSECS.Telemetry.Domain\MSECS.Telemetry.Domain.csproj", "{5F057492-4514-4AC0-8368-BE7F59AD7DDF}"
EndProject
Project("{FAE04EC0-301F-11D3-BF4B-00C04F79EFBC}") = "MSECS.Telemetry.Infrastructure", "Services\Telemetry\MSECS.Telemetry.Infrastructure\MSECS.Telemetry.Infrastructure.csproj", "{99A7E41D-2BD6-4B5A-8099-47B0BEBE413C}"
EndProject
Project("{FAE04EC0-301F-11D3-BF4B-00C04F79EFBC}") = "MSECS.Telemetry.ProtocolAdapters", "Services\Telemetry\MSECS.Telemetry.ProtocolAdapters\MSECS.Telemetry.ProtocolAdapters.csproj", "{1D789E46-AE26-4CC2-AD8F-337E39659380}"
EndProject
Project("{FAE04EC0-301F-11D3-BF4B-00C04F79EFBC}") = "MSECS.BuildingBlocks", "Shared\MSECS.BuildingBlocks\MSECS.BuildingBlocks.csproj", "{41891404-2639-433D-8852-B78B787BF644}"
EndProject
Project("{FAE04EC0-301F-11D3-BF4B-00C04F79EFBC}") = "MSECS.SharedKernel", "Shared\MSECS.SharedKernel\MSECS.SharedKernel.csproj", "{397ABA3A-EAF4-4828-990C-C8E9844FF3E3}"
EndProject
Project("{FAE04EC0-301F-11D3-BF4B-00C04F79EFBC}") = "MSECS.Identity.UnitTests", "Tests\MSECS.Identity.UnitTests\MSECS.Identity.UnitTests.csproj", "{04E7CF5B-2925-4A88-B67C-75392B9F18DF}"
EndProject
Global
	GlobalSection(SolutionConfigurationPlatforms) = preSolution
		Debug|Any CPU = Debug|Any CPU
		Release|Any CPU = Release|Any CPU
	EndGlobalSection
	GlobalSection(ProjectConfigurationPlatforms) = postSolution
		{5F29824F-07AC-4311-9007-DE53838A4D44}.Debug|Any CPU.ActiveCfg = Debug|Any CPU
		{5F29824F-07AC-4311-9007-DE53838A4D44}.Debug|Any CPU.Build.0 = Debug|Any CPU
		{5F29824F-07AC-4311-9007-DE53838A4D44}.Release|Any CPU.ActiveCfg = Release|Any CPU
		{5F29824F-07AC-4311-9007-DE53838A4D44}.Release|Any CPU.Build.0 = Release|Any CPU
		{12E05DFD-6CA1-4461-8AD5-CC005022DC7B}.Debug|Any CPU.ActiveCfg = Debug|Any CPU
		{12E05DFD-6CA1-4461-8AD5-CC005022DC7B}.Debug|Any CPU.Build.0 = Debug|Any CPU
		{12E05DFD-6CA1-4461-8AD5-CC005022DC7B}.Release|Any CPU.ActiveCfg = Release|Any CPU
		{12E05DFD-6CA1-4461-8AD5-CC005022DC7B}.Release|Any CPU.Build.0 = Release|Any CPU
		{AE597A31-99DA-4DCA-ABC0-A44559778F47}.Debug|Any CPU.ActiveCfg = Debug|Any CPU
		{AE597A31-99DA-4DCA-ABC0-A44559778F47}.Debug|Any CPU.Build.0 = Debug|Any CPU
		{AE597A31-99DA-4DCA-ABC0-A44559778F47}.Release|Any CPU.ActiveCfg = Release|Any CPU
		{AE597A31-99DA-4DCA-ABC0-A44559778F47}.Release|Any CPU.Build.0 = Release|Any CPU
		{A92934FC-096D-4406-8F2E-781609621F99}.Debug|Any CPU.ActiveCfg = Debug|Any CPU
		{A92934FC-096D-4406-8F2E-781609621F99}.Debug|Any CPU.Build.0 = Debug|Any CPU
		{A92934FC-096D-4406-8F2E-781609621F99}.Release|Any CPU.ActiveCfg = Release|Any CPU
		{A92934FC-096D-4406-8F2E-781609621F99}.Release|Any CPU.Build.0 = Release|Any CPU
		{B1F472F9-C7A9-4A3B-BE24-33139674F665}.Debug|Any CPU.ActiveCfg = Debug|Any CPU
		{B1F472F9-C7A9-4A3B-BE24-33139674F665}.Debug|Any CPU.Build.0 = Debug|Any CPU
		{B1F472F9-C7A9-4A3B-BE24-33139674F665}.Release|Any CPU.ActiveCfg = Release|Any CPU
		{B1F472F9-C7A9-4A3B-BE24-33139674F665}.Release|Any CPU.Build.0 = Release|Any CPU
		{C1748B96-6128-4C23-BD2E-F921FFCB143D}.Debug|Any CPU.ActiveCfg = Debug|Any CPU
		{C1748B96-6128-4C23-BD2E-F921FFCB143D}.Debug|Any CPU.Build.0 = Debug|Any CPU
		{C1748B96-6128-4C23-BD2E-F921FFCB143D}.Release|Any CPU.ActiveCfg = Release|Any CPU
		{C1748B96-6128-4C23-BD2E-F921FFCB143D}.Release|Any CPU.Build.0 = Release|Any CPU
		{F23ADC90-BFA8-46AF-87D9-AE2DBE135122}.Debug|Any CPU.ActiveCfg = Debug|Any CPU
		{F23ADC90-BFA8-46AF-87D9-AE2DBE135122}.Debug|Any CPU.Build.0 = Debug|Any CPU
		{F23ADC90-BFA8-46AF-87D9-AE2DBE135122}.Release|Any CPU.ActiveCfg = Release|Any CPU
		{F23ADC90-BFA8-46AF-87D9-AE2DBE135122}.Release|Any CPU.Build.0 = Release|Any CPU
		{9A225A26-81BA-4C4D-A128-C665CD4CC7C5}.Debug|Any CPU.ActiveCfg = Debug|Any CPU
		{9A225A26-81BA-4C4D-A128-C665CD4CC7C5}.Debug|Any CPU.Build.0 = Debug|Any CPU
		{9A225A26-81BA-4C4D-A128-C665CD4CC7C5}.Release|Any CPU.ActiveCfg = Release|Any CPU
		{9A225A26-81BA-4C4D-A128-C665CD4CC7C5}.Release|Any CPU.Build.0 = Release|Any CPU
		{48A7A56F-077E-4F58-86EF-6E55269DC630}.Debug|Any CPU.ActiveCfg = Debug|Any CPU
		{48A7A56F-077E-4F58-86EF-6E55269DC630}.Debug|Any CPU.Build.0 = Debug|Any CPU
		{48A7A56F-077E-4F58-86EF-6E55269DC630}.Release|Any CPU.ActiveCfg = Release|Any CPU
		{48A7A56F-077E-4F58-86EF-6E55269DC630}.Release|Any CPU.Build.0 = Release|Any CPU
		{AACDDCBC-7AF2-40BB-BDB4-A41CE056D6AB}.Debug|Any CPU.ActiveCfg = Debug|Any CPU
		{AACDDCBC-7AF2-40BB-BDB4-A41CE056D6AB}.Debug|Any CPU.Build.0 = Debug|Any CPU
		{AACDDCBC-7AF2-40BB-BDB4-A41CE056D6AB}.Release|Any CPU.ActiveCfg = Release|Any CPU
		{AACDDCBC-7AF2-40BB-BDB4-A41CE056D6AB}.Release|Any CPU.Build.0 = Release|Any CPU
		{8B64E96D-6969-4C26-8CA4-B7AD77ED8116}.Debug|Any CPU.ActiveCfg = Debug|Any CPU
		{8B64E96D-6969-4C26-8CA4-B7AD77ED8116}.Debug|Any CPU.Build.0 = Debug|Any CPU
		{8B64E96D-6969-4C26-8CA4-B7AD77ED8116}.Release|Any CPU.ActiveCfg = Release|Any CPU
		{8B64E96D-6969-4C26-8CA4-B7AD77ED8116}.Release|Any CPU.Build.0 = Release|Any CPU
		{B6EDC724-7540-42A1-838C-2495B5AF0964}.Debug|Any CPU.ActiveCfg = Debug|Any CPU
		{B6EDC724-7540-42A1-838C-2495B5AF0964}.Debug|Any CPU.Build.0 = Debug|Any CPU
		{B6EDC724-7540-42A1-838C-2495B5AF0964}.Release|Any CPU.ActiveCfg = Release|Any CPU
		{B6EDC724-7540-42A1-838C-2495B5AF0964}.Release|Any CPU.Build.0 = Release|Any CPU
		{B5CE31DA-09D0-4936-B98C-5AC6C7E809A0}.Debug|Any CPU.ActiveCfg = Debug|Any CPU
		{B5CE31DA-09D0-4936-B98C-5AC6C7E809A0}.Debug|Any CPU.Build.0 = Debug|Any CPU
		{B5CE31DA-09D0-4936-B98C-5AC6C7E809A0}.Release|Any CPU.ActiveCfg = Release|Any CPU
		{B5CE31DA-09D0-4936-B98C-5AC6C7E809A0}.Release|Any CPU.Build.0 = Release|Any CPU
		{326C45AC-90E1-4878-BB40-46641D0FE5D4}.Debug|Any CPU.ActiveCfg = Debug|Any CPU
		{326C45AC-90E1-4878-BB40-46641D0FE5D4}.Debug|Any CPU.Build.0 = Debug|Any CPU
		{326C45AC-90E1-4878-BB40-46641D0FE5D4}.Release|Any CPU.ActiveCfg = Release|Any CPU
		{326C45AC-90E1-4878-BB40-46641D0FE5D4}.Release|Any CPU.Build.0 = Release|Any CPU
		{3820CBBE-C5AE-4D1F-BE27-0B5A2098E42D}.Debug|Any CPU.ActiveCfg = Debug|Any CPU
		{3820CBBE-C5AE-4D1F-BE27-0B5A2098E42D}.Debug|Any CPU.Build.0 = Debug|Any CPU
		{3820CBBE-C5AE-4D1F-BE27-0B5A2098E42D}.Release|Any CPU.ActiveCfg = Release|Any CPU
		{3820CBBE-C5AE-4D1F-BE27-0B5A2098E42D}.Release|Any CPU.Build.0 = Release|Any CPU
		{EA813428-B55A-491E-8137-061E49538202}.Debug|Any CPU.ActiveCfg = Debug|Any CPU
		{EA813428-B55A-491E-8137-061E49538202}.Debug|Any CPU.Build.0 = Debug|Any CPU
		{EA813428-B55A-491E-8137-061E49538202}.Release|Any CPU.ActiveCfg = Release|Any CPU
		{EA813428-B55A-491E-8137-061E49538202}.Release|Any CPU.Build.0 = Release|Any CPU
		{28BC3B62-E0F5-4F82-9EA8-CC9AF624CC14}.Debug|Any CPU.ActiveCfg = Debug|Any CPU
		{28BC3B62-E0F5-4F82-9EA8-CC9AF624CC14}.Debug|Any CPU.Build.0 = Debug|Any CPU
		{28BC3B62-E0F5-4F82-9EA8-CC9AF624CC14}.Release|Any CPU.ActiveCfg = Release|Any CPU
		{28BC3B62-E0F5-4F82-9EA8-CC9AF624CC14}.Release|Any CPU.Build.0 = Release|Any CPU
		{03D6929C-47AB-478C-80D6-F0B513D893B9}.Debug|Any CPU.ActiveCfg = Debug|Any CPU
		{03D6929C-47AB-478C-80D6-F0B513D893B9}.Debug|Any CPU.Build.0 = Debug|Any CPU
		{03D6929C-47AB-478C-80D6-F0B513D893B9}.Release|Any CPU.ActiveCfg = Release|Any CPU
		{03D6929C-47AB-478C-80D6-F0B513D893B9}.Release|Any CPU.Build.0 = Release|Any CPU
		{5F057492-4514-4AC0-8368-BE7F59AD7DDF}.Debug|Any CPU.ActiveCfg = Debug|Any CPU
		{5F057492-4514-4AC0-8368-BE7F59AD7DDF}.Debug|Any CPU.Build.0 = Debug|Any CPU
		{5F057492-4514-4AC0-8368-BE7F59AD7DDF}.Release|Any CPU.ActiveCfg = Release|Any CPU
		{5F057492-4514-4AC0-8368-BE7F59AD7DDF}.Release|Any CPU.Build.0 = Release|Any CPU
		{99A7E41D-2BD6-4B5A-8099-47B0BEBE413C}.Debug|Any CPU.ActiveCfg = Debug|Any CPU
		{99A7E41D-2BD6-4B5A-8099-47B0BEBE413C}.Debug|Any CPU.Build.0 = Debug|Any CPU
		{99A7E41D-2BD6-4B5A-8099-47B0BEBE413C}.Release|Any CPU.ActiveCfg = Release|Any CPU
		{99A7E41D-2BD6-4B5A-8099-47B0BEBE413C}.Release|Any CPU.Build.0 = Release|Any CPU
		{1D789E46-AE26-4CC2-AD8F-337E39659380}.Debug|Any CPU.ActiveCfg = Debug|Any CPU
		{1D789E46-AE26-4CC2-AD8F-337E39659380}.Debug|Any CPU.Build.0 = Debug|Any CPU
		{1D789E46-AE26-4CC2-AD8F-337E39659380}.Release|Any CPU.ActiveCfg = Release|Any CPU
		{1D789E46-AE26-4CC2-AD8F-337E39659380}.Release|Any CPU.Build.0 = Release|Any CPU
		{41891404-2639-433D-8852-B78B787BF644}.Debug|Any CPU.ActiveCfg = Debug|Any CPU
		{41891404-2639-433D-8852-B78B787BF644}.Debug|Any CPU.Build.0 = Debug|Any CPU
		{41891404-2639-433D-8852-B78B787BF644}.Release|Any CPU.ActiveCfg = Release|Any CPU
		{41891404-2639-433D-8852-B78B787BF644}.Release|Any CPU.Build.0 = Release|Any CPU
		{397ABA3A-EAF4-4828-990C-C8E9844FF3E3}.Debug|Any CPU.ActiveCfg = Debug|Any CPU
		{397ABA3A-EAF4-4828-990C-C8E9844FF3E3}.Debug|Any CPU.Build.0 = Debug|Any CPU
		{397ABA3A-EAF4-4828-990C-C8E9844FF3E3}.Release|Any CPU.ActiveCfg = Release|Any CPU
		{397ABA3A-EAF4-4828-990C-C8E9844FF3E3}.Release|Any CPU.Build.0 = Release|Any CPU
		{04E7CF5B-2925-4A88-B67C-75392B9F18DF}.Debug|Any CPU.ActiveCfg = Debug|Any CPU
		{04E7CF5B-2925-4A88-B67C-75392B9F18DF}.Debug|Any CPU.Build.0 = Debug|Any CPU
		{04E7CF5B-2925-4A88-B67C-75392B9F18DF}.Release|Any CPU.ActiveCfg = Release|Any CPU
		{04E7CF5B-2925-4A88-B67C-75392B9F18DF}.Release|Any CPU.Build.0 = Release|Any CPU
	EndGlobalSection
	GlobalSection(SolutionProperties) = preSolution
		HideSolutionNode = FALSE
	EndGlobalSection
EndGlobal
